// !$*UTF8*$!
{
	archiveVersion = 1;
	classes = {
	};
	objectVersion = 56;
	objects = {

/* Begin PBXBuildFile section */
		E3C95C762AC02E380032ABF3 /* AppDelegate.swift in Sources */ = {isa = PBXBuildFile; fileRef = E3C95C752AC02E380032ABF3 /* AppDelegate.swift */; };
		E3C95C782AC02E380032ABF3 /* SceneDelegate.swift in Sources */ = {isa = PBXBuildFile; fileRef = E3C95C772AC02E380032ABF3 /* SceneDelegate.swift */; };
		E3C95C7A2AC02E380032ABF3 /* AuthViewController.swift in Sources */ = {isa = PBXBuildFile; fileRef = E3C95C792AC02E380032ABF3 /* AuthViewController.swift */; };
		E3C95C7F2AC02E3A0032ABF3 /* Assets.xcassets in Resources */ = {isa = PBXBuildFile; fileRef = E3C95C7E2AC02E3A0032ABF3 /* Assets.xcassets */; };
		E3C95C8E2AC03AD40032ABF3 /* CustomLabel.swift in Sources */ = {isa = PBXBuildFile; fileRef = E3C95C8D2AC03AD40032ABF3 /* CustomLabel.swift */; };
		E3C95C902AC041570032ABF3 /* CustomButton.swift in Sources */ = {isa = PBXBuildFile; fileRef = E3C95C8F2AC041570032ABF3 /* CustomButton.swift */; };
		E3C95C942AC05B8A0032ABF3 /* UIColor + extensions.swift in Sources */ = {isa = PBXBuildFile; fileRef = E3C95C932AC05B8A0032ABF3 /* UIColor + extensions.swift */; };
		E3C95C972AC05EF00032ABF3 /* LoginViewController.swift in Sources */ = {isa = PBXBuildFile; fileRef = E3C95C962AC05EF00032ABF3 /* LoginViewController.swift */; };
		E3C95C992AC061660032ABF3 /* CustomTextField.swift in Sources */ = {isa = PBXBuildFile; fileRef = E3C95C982AC061660032ABF3 /* CustomTextField.swift */; };
		E3C95C9B2AC07E7D0032ABF3 /* NewAccountViewController.swift in Sources */ = {isa = PBXBuildFile; fileRef = E3C95C9A2AC07E7D0032ABF3 /* NewAccountViewController.swift */; };
/* End PBXBuildFile section */

/* Begin PBXFileReference section */
		E3C95C722AC02E380032ABF3 /* LoginScreen.app */ = {isa = PBXFileReference; explicitFileType = wrapper.application; includeInIndex = 0; path = LoginScreen.app; sourceTree = BUILT_PRODUCTS_DIR; };
		E3C95C752AC02E380032ABF3 /* AppDelegate.swift */ = {isa = PBXFileReference; lastKnownFileType = sourcecode.swift; path = AppDelegate.swift; sourceTree = "<group>"; };
		E3C95C772AC02E380032ABF3 /* SceneDelegate.swift */ = {isa = PBXFileReference; lastKnownFileType = sourcecode.swift; path = SceneDelegate.swift; sourceTree = "<group>"; };
		E3C95C792AC02E380032ABF3 /* AuthViewController.swift */ = {isa = PBXFileReference; lastKnownFileType = sourcecode.swift; path = AuthViewController.swift; sourceTree = "<group>"; };
		E3C95C7E2AC02E3A0032ABF3 /* Assets.xcassets */ = {isa = PBXFileReference; lastKnownFileType = folder.assetcatalog; path = Assets.xcassets; sourceTree = "<group>"; };
		E3C95C832AC02E3A0032ABF3 /* Info.plist */ = {isa = PBXFileReference; lastKnownFileType = text.plist.xml; path = Info.plist; sourceTree = "<group>"; };
		E3C95C8D2AC03AD40032ABF3 /* CustomLabel.swift */ = {isa = PBXFileReference; lastKnownFileType = sourcecode.swift; path = CustomLabel.swift; sourceTree = "<group>"; };
		E3C95C8F2AC041570032ABF3 /* CustomButton.swift */ = {isa = PBXFileReference; lastKnownFileType = sourcecode.swift; path = CustomButton.swift; sourceTree = "<group>"; };
		E3C95C932AC05B8A0032ABF3 /* UIColor + extensions.swift */ = {isa = PBXFileReference; lastKnownFileType = sourcecode.swift; path = "UIColor + extensions.swift"; sourceTree = "<group>"; };
		E3C95C962AC05EF00032ABF3 /* LoginViewController.swift */ = {isa = PBXFileReference; lastKnownFileType = sourcecode.swift; path = LoginViewController.swift; sourceTree = "<group>"; };
		E3C95C982AC061660032ABF3 /* CustomTextField.swift */ = {isa = PBXFileReference; lastKnownFileType = sourcecode.swift; path = CustomTextField.swift; sourceTree = "<group>"; };
		E3C95C9A2AC07E7D0032ABF3 /* NewAccountViewController.swift */ = {isa = PBXFileReference; lastKnownFileType = sourcecode.swift; path = NewAccountViewController.swift; sourceTree = "<group>"; };
/* End PBXFileReference section */

/* Begin PBXFrameworksBuildPhase section */
		E3C95C6F2AC02E380032ABF3 /* Frameworks */ = {
			isa = PBXFrameworksBuildPhase;
			buildActionMask = 2147483647;
			files = (
			);
			runOnlyForDeploymentPostprocessing = 0;
		};
/* End PBXFrameworksBuildPhase section */

/* Begin PBXGroup section */
		E3C95C692AC02E380032ABF3 = {
			isa = PBXGroup;
			children = (
				E3C95C742AC02E380032ABF3 /* LoginScreen */,
				E3C95C732AC02E380032ABF3 /* Products */,
			);
			sourceTree = "<group>";
		};
		E3C95C732AC02E380032ABF3 /* Products */ = {
			isa = PBXGroup;
			children = (
				E3C95C722AC02E380032ABF3 /* LoginScreen.app */,
			);
			name = Products;
			sourceTree = "<group>";
		};
		E3C95C742AC02E380032ABF3 /* LoginScreen */ = {
			isa = PBXGroup;
			children = (
				E3C95C952AC05B950032ABF3 /* Custom */,
				E3C95C912AC05B6E0032ABF3 /* Extensions */,
				E3C95C8B2AC0365B0032ABF3 /* ViewControllers */,
				E3C95C8A2AC0362A0032ABF3 /* App */,
				E3C95C892AC036220032ABF3 /* Resources */,
			);
			path = LoginScreen;
			sourceTree = "<group>";
		};
		E3C95C892AC036220032ABF3 /* Resources */ = {
			isa = PBXGroup;
			children = (
				E3C95C7E2AC02E3A0032ABF3 /* Assets.xcassets */,
			);
			path = Resources;
			sourceTree = "<group>";
		};
		E3C95C8A2AC0362A0032ABF3 /* App */ = {
			isa = PBXGroup;
			children = (
				E3C95C752AC02E380032ABF3 /* AppDelegate.swift */,
				E3C95C772AC02E380032ABF3 /* SceneDelegate.swift */,
				E3C95C832AC02E3A0032ABF3 /* Info.plist */,
			);
			path = App;
			sourceTree = "<group>";
		};
		E3C95C8B2AC0365B0032ABF3 /* ViewControllers */ = {
			isa = PBXGroup;
			children = (
				E3C95C792AC02E380032ABF3 /* AuthViewController.swift */,
				E3C95C962AC05EF00032ABF3 /* LoginViewController.swift */,
				E3C95C9A2AC07E7D0032ABF3 /* NewAccountViewController.swift */,
			);
			path = ViewControllers;
			sourceTree = "<group>";
		};
		E3C95C912AC05B6E0032ABF3 /* Extensions */ = {
			isa = PBXGroup;
			children = (
				E3C95C932AC05B8A0032ABF3 /* UIColor + extensions.swift */,
			);
			path = Extensions;
			sourceTree = "<group>";
		};
		E3C95C952AC05B950032ABF3 /* Custom */ = {
			isa = PBXGroup;
			children = (
				E3C95C8D2AC03AD40032ABF3 /* CustomLabel.swift */,
				E3C95C8F2AC041570032ABF3 /* CustomButton.swift */,
				E3C95C982AC061660032ABF3 /* CustomTextField.swift */,
			);
			path = Custom;
			sourceTree = "<group>";
		};
/* End PBXGroup section */

/* Begin PBXNativeTarget section */
		E3C95C712AC02E380032ABF3 /* LoginScreen */ = {
			isa = PBXNativeTarget;
			buildConfigurationList = E3C95C862AC02E3A0032ABF3 /* Build configuration list for PBXNativeTarget "LoginScreen" */;
			buildPhases = (
				E3C95C6E2AC02E380032ABF3 /* Sources */,
				E3C95C6F2AC02E380032ABF3 /* Frameworks */,
				E3C95C702AC02E380032ABF3 /* Resources */,
			);
			buildRules = (
			);
			dependencies = (
			);
			name = LoginScreen;
			productName = LoginScreen;
			productReference = E3C95C722AC02E380032ABF3 /* LoginScreen.app */;
			productType = "com.apple.product-type.application";
		};
/* End PBXNativeTarget section */

/* Begin PBXProject section */
		E3C95C6A2AC02E380032ABF3 /* Project object */ = {
			isa = PBXProject;
			attributes = {
				BuildIndependentTargetsInParallel = 1;
				LastSwiftUpdateCheck = 1500;
				LastUpgradeCheck = 1500;
				TargetAttributes = {
					E3C95C712AC02E380032ABF3 = {
						CreatedOnToolsVersion = 15.0;
					};
				};
			};
			buildConfigurationList = E3C95C6D2AC02E380032ABF3 /* Build configuration list for PBXProject "LoginScreen" */;
			compatibilityVersion = "Xcode 14.0";
			developmentRegion = en;
			hasScannedForEncodings = 0;
			knownRegions = (
				en,
				Base,
			);
			mainGroup = E3C95C692AC02E380032ABF3;
			productRefGroup = E3C95C732AC02E380032ABF3 /* Products */;
			projectDirPath = "";
			projectRoot = "";
			targets = (
				E3C95C712AC02E380032ABF3 /* LoginScreen */,
			);
		};
/* End PBXProject section */

/* Begin PBXResourcesBuildPhase section */
		E3C95C702AC02E380032ABF3 /* Resources */ = {
			isa = PBXResourcesBuildPhase;
			buildActionMask = 2147483647;
			files = (
				E3C95C7F2AC02E3A0032ABF3 /* Assets.xcassets in Resources */,
			);
			runOnlyForDeploymentPostprocessing = 0;
		};
/* End PBXResourcesBuildPhase section */

/* Begin PBXSourcesBuildPhase section */
		E3C95C6E2AC02E380032ABF3 /* Sources */ = {
			isa = PBXSourcesBuildPhase;
			buildActionMask = 2147483647;
			files = (
				E3C95C972AC05EF00032ABF3 /* LoginViewController.swift in Sources */,
				E3C95C7A2AC02E380032ABF3 /* AuthViewController.swift in Sources */,
				E3C95C942AC05B8A0032ABF3 /* UIColor + extensions.swift in Sources */,
				E3C95C762AC02E380032ABF3 /* AppDelegate.swift in Sources */,
				E3C95C992AC061660032ABF3 /* CustomTextField.swift in Sources */,
				E3C95C9B2AC07E7D0032ABF3 /* NewAccountViewController.swift in Sources */,
				E3C95C782AC02E380032ABF3 /* SceneDelegate.swift in Sources */,
				E3C95C8E2AC03AD40032ABF3 /* CustomLabel.swift in Sources */,
				E3C95C902AC041570032ABF3 /* CustomButton.swift in Sources */,
			);
			runOnlyForDeploymentPostprocessing = 0;
		};
/* End PBXSourcesBuildPhase section */

/* Begin XCBuildConfiguration section */
		E3C95C842AC02E3A0032ABF3 /* Debug */ = {
			isa = XCBuildConfiguration;
			buildSettings = {
				ALWAYS_SEARCH_USER_PATHS = NO;
				ASSETCATALOG_COMPILER_GENERATE_SWIFT_ASSET_SYMBOL_EXTENSIONS = YES;
				CLANG_ANALYZER_NONNULL = YES;
				CLANG_ANALYZER_NUMBER_OBJECT_CONVERSION = YES_AGGRESSIVE;
				CLANG_CXX_LANGUAGE_STANDARD = "gnu++20";
				CLANG_ENABLE_MODULES = YES;
				CLANG_ENABLE_OBJC_ARC = YES;
				CLANG_ENABLE_OBJC_WEAK = YES;
				CLANG_WARN_BLOCK_CAPTURE_AUTORELEASING = YES;
				CLANG_WARN_BOOL_CONVERSION = YES;
				CLANG_WARN_COMMA = YES;
				CLANG_WARN_CONSTANT_CONVERSION = YES;
				CLANG_WARN_DEPRECATED_OBJC_IMPLEMENTATIONS = YES;
				CLANG_WARN_DIRECT_OBJC_ISA_USAGE = YES_ERROR;
				CLANG_WARN_DOCUMENTATION_COMMENTS = YES;
				CLANG_WARN_EMPTY_BODY = YES;
				CLANG_WARN_ENUM_CONVERSION = YES;
				CLANG_WARN_INFINITE_RECURSION = YES;
				CLANG_WARN_INT_CONVERSION = YES;
				CLANG_WARN_NON_LITERAL_NULL_CONVERSION = YES;
				CLANG_WARN_OBJC_IMPLICIT_RETAIN_SELF = YES;
				CLANG_WARN_OBJC_LITERAL_CONVERSION = YES;
				CLANG_WARN_OBJC_ROOT_CLASS = YES_ERROR;
				CLANG_WARN_QUOTED_INCLUDE_IN_FRAMEWORK_HEADER = YES;
				CLANG_WARN_RANGE_LOOP_ANALYSIS = YES;
				CLANG_WARN_STRICT_PROTOTYPES = YES;
				CLANG_WARN_SUSPICIOUS_MOVE = YES;
				CLANG_WARN_UNGUARDED_AVAILABILITY = YES_AGGRESSIVE;
				CLANG_WARN_UNREACHABLE_CODE = YES;
				CLANG_WARN__DUPLICATE_METHOD_MATCH = YES;
				COPY_PHASE_STRIP = NO;
				DEBUG_INFORMATION_FORMAT = dwarf;
				ENABLE_STRICT_OBJC_MSGSEND = YES;
				ENABLE_TESTABILITY = YES;
				ENABLE_USER_SCRIPT_SANDBOXING = YES;
				GCC_C_LANGUAGE_STANDARD = gnu17;
				GCC_DYNAMIC_NO_PIC = NO;
				GCC_NO_COMMON_BLOCKS = YES;
				GCC_OPTIMIZATION_LEVEL = 0;
				GCC_PREPROCESSOR_DEFINITIONS = (
					"DEBUG=1",
					"$(inherited)",
				);
				GCC_WARN_64_TO_32_BIT_CONVERSION = YES;
				GCC_WARN_ABOUT_RETURN_TYPE = YES_ERROR;
				GCC_WARN_UNDECLARED_SELECTOR = YES;
				GCC_WARN_UNINITIALIZED_AUTOS = YES_AGGRESSIVE;
				GCC_WARN_UNUSED_FUNCTION = YES;
				GCC_WARN_UNUSED_VARIABLE = YES;
				IPHONEOS_DEPLOYMENT_TARGET = 17.0;
				LOCALIZATION_PREFERS_STRING_CATALOGS = YES;
				MTL_ENABLE_DEBUG_INFO = INCLUDE_SOURCE;
				MTL_FAST_MATH = YES;
				ONLY_ACTIVE_ARCH = YES;
				SDKROOT = iphoneos;
				SWIFT_ACTIVE_COMPILATION_CONDITIONS = "DEBUG $(inherited)";
				SWIFT_OPTIMIZATION_LEVEL = "-Onone";
			};
			name = Debug;
		};
		E3C95C852AC02E3A0032ABF3 /* Release */ = {
			isa = XCBuildConfiguration;
			buildSettings = {
				ALWAYS_SEARCH_USER_PATHS = NO;
				ASSETCATALOG_COMPILER_GENERATE_SWIFT_ASSET_SYMBOL_EXTENSIONS = YES;
				CLANG_ANALYZER_NONNULL = YES;
				CLANG_ANALYZER_NUMBER_OBJECT_CONVERSION = YES_AGGRESSIVE;
				CLANG_CXX_LANGUAGE_STANDARD = "gnu++20";
				CLANG_ENABLE_MODULES = YES;
				CLANG_ENABLE_OBJC_ARC = YES;
				CLANG_ENABLE_OBJC_WEAK = YES;
				CLANG_WARN_BLOCK_CAPTURE_AUTORELEASING = YES;
				CLANG_WARN_BOOL_CONVERSION = YES;
				CLANG_WARN_COMMA = YES;
				CLANG_WARN_CONSTANT_CONVERSION = YES;
				CLANG_WARN_DEPRECATED_OBJC_IMPLEMENTATIONS = YES;
				CLANG_WARN_DIRECT_OBJC_ISA_USAGE = YES_ERROR;
				CLANG_WARN_DOCUMENTATION_COMMENTS = YES;
				CLANG_WARN_EMPTY_BODY = YES;
				CLANG_WARN_ENUM_CONVERSION = YES;
				CLANG_WARN_INFINITE_RECURSION = YES;
				CLANG_WARN_INT_CONVERSION = YES;
				CLANG_WARN_NON_LITERAL_NULL_CONVERSION = YES;
				CLANG_WARN_OBJC_IMPLICIT_RETAIN_SELF = YES;
				CLANG_WARN_OBJC_LITERAL_CONVERSION = YES;
				CLANG_WARN_OBJC_ROOT_CLASS = YES_ERROR;
				CLANG_WARN_QUOTED_INCLUDE_IN_FRAMEWORK_HEADER = YES;
				CLANG_WARN_RANGE_LOOP_ANALYSIS = YES;
				CLANG_WARN_STRICT_PROTOTYPES = YES;
				CLANG_WARN_SUSPICIOUS_MOVE = YES;
				CLANG_WARN_UNGUARDED_AVAILABILITY = YES_AGGRESSIVE;
				CLANG_WARN_UNREACHABLE_CODE = YES;
				CLANG_WARN__DUPLICATE_METHOD_MATCH = YES;
				COPY_PHASE_STRIP = NO;
				DEBUG_INFORMATION_FORMAT = "dwarf-with-dsym";
				ENABLE_NS_ASSERTIONS = NO;
				ENABLE_STRICT_OBJC_MSGSEND = YES;
				ENABLE_USER_SCRIPT_SANDBOXING = YES;
				GCC_C_LANGUAGE_STANDARD = gnu17;
				GCC_NO_COMMON_BLOCKS = YES;
				GCC_WARN_64_TO_32_BIT_CONVERSION = YES;
				GCC_WARN_ABOUT_RETURN_TYPE = YES_ERROR;
				GCC_WARN_UNDECLARED_SELECTOR = YES;
				GCC_WARN_UNINITIALIZED_AUTOS = YES_AGGRESSIVE;
				GCC_WARN_UNUSED_FUNCTION = YES;
				GCC_WARN_UNUSED_VARIABLE = YES;
				IPHONEOS_DEPLOYMENT_TARGET = 17.0;
				LOCALIZATION_PREFERS_STRING_CATALOGS = YES;
				MTL_ENABLE_DEBUG_INFO = NO;
				MTL_FAST_MATH = YES;
				SDKROOT = iphoneos;
				SWIFT_COMPILATION_MODE = wholemodule;
				VALIDATE_PRODUCT = YES;
			};
			name = Release;
		};
		E3C95C872AC02E3A0032ABF3 /* Debug */ = {
			isa = XCBuildConfiguration;
			buildSettings = {
				ASSETCATALOG_COMPILER_APPICON_NAME = AppIcon;
				ASSETCATALOG_COMPILER_GLOBAL_ACCENT_COLOR_NAME = AccentColor;
				CODE_SIGN_STYLE = Automatic;
				CURRENT_PROJECT_VERSION = 1;
				GENERATE_INFOPLIST_FILE = YES;
				INFOPLIST_FILE = LoginScreen/App/Info.plist;
				INFOPLIST_KEY_UIApplicationSupportsIndirectInputEvents = YES;
				INFOPLIST_KEY_UILaunchStoryboardName = LaunchScreen;
				INFOPLIST_KEY_UIStatusBarStyle = UIStatusBarStyleDarkContent;
				INFOPLIST_KEY_UISupportedInterfaceOrientations = UIInterfaceOrientationPortrait;
				INFOPLIST_KEY_UISupportedInterfaceOrientations_iPad = "UIInterfaceOrientationLandscapeLeft UIInterfaceOrientationLandscapeRight UIInterfaceOrientationPortrait UIInterfaceOrientationPortraitUpsideDown";
				LD_RUNPATH_SEARCH_PATHS = (
					"$(inherited)",
					"@executable_path/Frameworks",
				);
				MARKETING_VERSION = 1.0;
				PRODUCT_BUNDLE_IDENTIFIER = me.osipov.dobrynia.LoginScreen;
				PRODUCT_NAME = "$(TARGET_NAME)";
				SUPPORTED_PLATFORMS = "iphoneos iphonesimulator";
				SUPPORTS_MACCATALYST = NO;
				SUPPORTS_MAC_DESIGNED_FOR_IPHONE_IPAD = NO;
				SWIFT_EMIT_LOC_STRINGS = YES;
				SWIFT_VERSION = 5.0;
				TARGETED_DEVICE_FAMILY = 1;
			};
			name = Debug;
		};
		E3C95C882AC02E3A0032ABF3 /* Release */ = {
			isa = XCBuildConfiguration;
			buildSettings = {
				ASSETCATALOG_COMPILER_APPICON_NAME = AppIcon;
				ASSETCATALOG_COMPILER_GLOBAL_ACCENT_COLOR_NAME = AccentColor;
				CODE_SIGN_STYLE = Automatic;
				CURRENT_PROJECT_VERSION = 1;
				GENERATE_INFOPLIST_FILE = YES;
				INFOPLIST_FILE = LoginScreen/App/Info.plist;
				INFOPLIST_KEY_UIApplicationSupportsIndirectInputEvents = YES;
				INFOPLIST_KEY_UILaunchStoryboardName = LaunchScreen;
				INFOPLIST_KEY_UIStatusBarStyle = UIStatusBarStyleDarkContent;
				INFOPLIST_KEY_UISupportedInterfaceOrientations = UIInterfaceOrientationPortrait;
				INFOPLIST_KEY_UISupportedInterfaceOrientations_iPad = "UIInterfaceOrientationLandscapeLeft UIInterfaceOrientationLandscapeRight UIInterfaceOrientationPortrait UIInterfaceOrientationPortraitUpsideDown";
				LD_RUNPATH_SEARCH_PATHS = (
					"$(inherited)",
					"@executable_path/Frameworks",
				);
				MARKETING_VERSION = 1.0;
				PRODUCT_BUNDLE_IDENTIFIER = me.osipov.dobrynia.LoginScreen;
				PRODUCT_NAME = "$(TARGET_NAME)";
				SUPPORTED_PLATFORMS = "iphoneos iphonesimulator";
				SUPPORTS_MACCATALYST = NO;
				SUPPORTS_MAC_DESIGNED_FOR_IPHONE_IPAD = NO;
				SWIFT_EMIT_LOC_STRINGS = YES;
				SWIFT_VERSION = 5.0;
				TARGETED_DEVICE_FAMILY = 1;
			};
			name = Release;
		};
/* End XCBuildConfiguration section */

/* Begin XCConfigurationList section */
		E3C95C6D2AC02E380032ABF3 /* Build configuration list for PBXProject "LoginScreen" */ = {
			isa = XCConfigurationList;
			buildConfigurations = (
				E3C95C842AC02E3A0032ABF3 /* Debug */,
				E3C95C852AC02E3A0032ABF3 /* Release */,
			);
			defaultConfigurationIsVisible = 0;
			defaultConfigurationName = Release;
		};
		E3C95C862AC02E3A0032ABF3 /* Build configuration list for PBXNativeTarget "LoginScreen" */ = {
			isa = XCConfigurationList;
			buildConfigurations = (
				E3C95C872AC02E3A0032ABF3 /* Debug */,
				E3C95C882AC02E3A0032ABF3 /* Release */,
			);
			defaultConfigurationIsVisible = 0;
			defaultConfigurationName = Release;
		};
/* End XCConfigurationList section */
	};
	rootObject = E3C95C6A2AC02E380032ABF3 /* Project object */;
}
